// !$*UTF8*$!
{
	archiveVersion = 1;
	classes = {
	};
	objectVersion = 77;
	objects = {

/* Begin PBXBuildFile section */
		07D564150F4FEC9E1A89D169 /* CalendarContainerView.swift in Sources */ = {isa = PBXBuildFile; fileRef = 2C276E481A1C1E1836B1343C /* CalendarContainerView.swift */; };
		092C820319A1B25B978A8522 /* AnalyticsView.swift in Sources */ = {isa = PBXBuildFile; fileRef = D362F9015FFAB5E8995A8128 /* AnalyticsView.swift */; };
		0BA7F6046109D5986D6C90A4 /* ContentItem.swift in Sources */ = {isa = PBXBuildFile; fileRef = 51BDA2D451CAB34F70E2A52E /* ContentItem.swift */; };
		0D9412952E96CC0625531A19 /* ArchiveView.swift in Sources */ = {isa = PBXBuildFile; fileRef = 9D78D2DA058A6768EA5E2A72 /* ArchiveView.swift */; };
		0FE6799FFCF4589857048E97 /* Document.swift in Sources */ = {isa = PBXBuildFile; fileRef = 61617BE7AF2716262B9FE9C1 /* Document.swift */; };
		18C5D4C33B091EC8D4036AF9 /* Asset.swift in Sources */ = {isa = PBXBuildFile; fileRef = 2C926DE7189CBDCDE37239F6 /* Asset.swift */; };
		1C98E93F2C041828F04B7121 /* ChoirRosterView.swift in Sources */ = {isa = PBXBuildFile; fileRef = 23BA3CE731C0A29AD23AD91B /* ChoirRosterView.swift */; };
		21CE540BF48373D750BF127A /* ContentTemplate.swift in Sources */ = {isa = PBXBuildFile; fileRef = A9022E2E7E0D58D5E49688FD /* ContentTemplate.swift */; };
		23AAE45E640CE8611AAF2974 /* LibraryItem.swift in Sources */ = {isa = PBXBuildFile; fileRef = 37ED15FFDCE99C858BD6E52D /* LibraryItem.swift */; };
		273BB9EE74AC947A39F69C8E /* CalendarWeekView.swift in Sources */ = {isa = PBXBuildFile; fileRef = C025385318F163A36A73233B /* CalendarWeekView.swift */; };
		2EC3D789DDEF31DCAD6514BF /* Singer.swift in Sources */ = {isa = PBXBuildFile; fileRef = 57B1D12B5FA012BB7D8C2A05 /* Singer.swift */; };
		3148584CAEEE5B091B75A2E8 /* DocumentsView.swift in Sources */ = {isa = PBXBuildFile; fileRef = 1C04CD7CFCA27967548A93A6 /* DocumentsView.swift */; };
		393FF26F6771EFDC52A48F9E /* IdeasView.swift in Sources */ = {isa = PBXBuildFile; fileRef = 60A596A463AF913724872EC8 /* IdeasView.swift */; };
		3E2A738CE1BF012A73E844DB /* TicketCorrelationView.swift in Sources */ = {isa = PBXBuildFile; fileRef = B55B313016931047B6A60DE8 /* TicketCorrelationView.swift */; };
		465ED643FEF29A143A0D82F3 /* TourDayDetailView.swift in Sources */ = {isa = PBXBuildFile; fileRef = 6C33F7525D86FCAAA2D1028B /* TourDayDetailView.swift */; };
		496F720FA060DF89B73925EC /* ContentDetailView.swift in Sources */ = {isa = PBXBuildFile; fileRef = 1CE3E35DA2469AEE9175E532 /* ContentDetailView.swift */; };
		4E03693DF5855E658898AAE4 /* ProjectCastView.swift in Sources */ = {isa = PBXBuildFile; fileRef = 7CC6E34C69DF461B68993761 /* ProjectCastView.swift */; };
		608DCB32EB8800590F012E38 /* Comment.swift in Sources */ = {isa = PBXBuildFile; fileRef = 88B1CFDD5ED0EE600670E73F /* Comment.swift */; };
		65C81EAA034E6FB2D34945B9 /* SocialMediaTKCApp.swift in Sources */ = {isa = PBXBuildFile; fileRef = C6B8E5E5BE9BFFADC039A105 /* SocialMediaTKCApp.swift */; };
		6CA82D03BA19377AF87C2B60 /* AppRole.swift in Sources */ = {isa = PBXBuildFile; fileRef = 6DD2867E8E50F7470D98AAF1 /* AppRole.swift */; };
		6D14EFC888049B24450627A3 /* Project.swift in Sources */ = {isa = PBXBuildFile; fileRef = 16F83410C023765039DE59A7 /* Project.swift */; };
		6D35795740938CDF75F12F5D /* ContentEditorView.swift in Sources */ = {isa = PBXBuildFile; fileRef = 2682275CC5E4051500E50D71 /* ContentEditorView.swift */; };
		6DA74B532B15FE0F1B3F2CFD /* CommentThreadView.swift in Sources */ = {isa = PBXBuildFile; fileRef = 25907171733105A999398F93 /* CommentThreadView.swift */; };
		750ABF05B50AD933E876394D /* ContentBoardView.swift in Sources */ = {isa = PBXBuildFile; fileRef = EF20A27DBAEB041BDA4A46C9 /* ContentBoardView.swift */; };
		810130BBE620C7C26AF5522F /* ContentScheduler.swift in Sources */ = {isa = PBXBuildFile; fileRef = D3552E009B92D368E66A81FC /* ContentScheduler.swift */; };
		81A0D4E856C4746D8A28EA08 /* GeminiAssistantService.swift in Sources */ = {isa = PBXBuildFile; fileRef = 8E6E44CB7CD229515EFA1F30 /* GeminiAssistantService.swift */; };
		86420B88748B5143FBAAF178 /* LiveTourDayView.swift in Sources */ = {isa = PBXBuildFile; fileRef = F02CD86943F301B4F6B6B0B8 /* LiveTourDayView.swift */; };
		8AFB720E898958066BF927E6 /* Concert.swift in Sources */ = {isa = PBXBuildFile; fileRef = 2201AA81E273D175CD1BD0D8 /* Concert.swift */; };
		934793A4CADEAD475FE6A0B3 /* ConcertListView.swift in Sources */ = {isa = PBXBuildFile; fileRef = 57BC79AC6E6D9DAE067BAEE3 /* ConcertListView.swift */; };
		99B360A15FEE479A84CC7826 /* Assets.xcassets in Resources */ = {isa = PBXBuildFile; fileRef = FF089D3A04D5DDAF29C1967E /* Assets.xcassets */; };
		9D752A28A036B253BA78CD96 /* Tour.swift in Sources */ = {isa = PBXBuildFile; fileRef = 063BB749F1ECC225B7C11C6D /* Tour.swift */; };
		9F2319D4F9E1A462BFBA9589 /* ProjectDetailView.swift in Sources */ = {isa = PBXBuildFile; fileRef = 35085E4AEA540D4155241028 /* ProjectDetailView.swift */; };
		A263CBA06301ABEB020C1122 /* SingerDetailView.swift in Sources */ = {isa = PBXBuildFile; fileRef = 758B1885B88C84314C18CAE4 /* SingerDetailView.swift */; };
		A2BB0328FD5C3EC3585D0442 /* ContentLibraryView.swift in Sources */ = {isa = PBXBuildFile; fileRef = 25B43C8011020AA5EF3563CA /* ContentLibraryView.swift */; };
		A68CA4A01BF8B8BFEED20D35 /* ProjectListView.swift in Sources */ = {isa = PBXBuildFile; fileRef = 91E503C7E341717EAAB24ADF /* ProjectListView.swift */; };
		A950C82FBFC031675A2F10DB /* ChorAssistantView.swift in Sources */ = {isa = PBXBuildFile; fileRef = 747417382DCFAAE9C4C63126 /* ChorAssistantView.swift */; };
		A9C36D1CEDD71E64E33CE38D /* HomeView.swift in Sources */ = {isa = PBXBuildFile; fileRef = 35C8EC82776E93C7AC0D5C44 /* HomeView.swift */; };
		AA81569FE785E5B4EFA7BD4B /* ContentTask.swift in Sources */ = {isa = PBXBuildFile; fileRef = F897DE0967356F135808453F /* ContentTask.swift */; };
		ADEFF3CC6496890CC0B0C455 /* TourDetailView.swift in Sources */ = {isa = PBXBuildFile; fileRef = 264618423337BF0C0BECC6D5 /* TourDetailView.swift */; };
		B1858C41010956258C6C143E /* Enums.swift in Sources */ = {isa = PBXBuildFile; fileRef = A1C6014460B99E36724A271B /* Enums.swift */; };
		BA728C7EE9FF163777F7AA7C /* MoreView.swift in Sources */ = {isa = PBXBuildFile; fileRef = B4E1AECD1853505205B165E0 /* MoreView.swift */; };
		C9886B5C85AE0EF312174EDD /* SupabaseSyncService.swift in Sources */ = {isa = PBXBuildFile; fileRef = E3A82AC77D326ACF2F3D256C /* SupabaseSyncService.swift */; };
		CD8C5034675251AF4BBFCA96 /* ExportService.swift in Sources */ = {isa = PBXBuildFile; fileRef = CB6ED58F0BE9C562163C4B65 /* ExportService.swift */; };
		D1CB12687AC779C662788970 /* AssetListView.swift in Sources */ = {isa = PBXBuildFile; fileRef = 23453D1DEF19E309B34970BD /* AssetListView.swift */; };
		D3B0E3A126FBB80FB2D53D0E /* ConcertDetailView.swift in Sources */ = {isa = PBXBuildFile; fileRef = D465BD471664205667B7E8EC /* ConcertDetailView.swift */; };
		D4B8F8CC11FECB17D7686086 /* CalendarMonthView.swift in Sources */ = {isa = PBXBuildFile; fileRef = 0E46DCB91AB59CE3BF92B89E /* CalendarMonthView.swift */; };
		D85343877541174A2C585EAF /* ConcertSyncService.swift in Sources */ = {isa = PBXBuildFile; fileRef = D30C8D4304434FB250595FF6 /* ConcertSyncService.swift */; };
		E239BFCAE1FB2A09CDF83252 /* PerformanceMetricsView.swift in Sources */ = {isa = PBXBuildFile; fileRef = 98FC8514B3BB2FCE0D2CEB5E /* PerformanceMetricsView.swift */; };
		E2AA2244B5CF94DB72A711F6 /* ExportView.swift in Sources */ = {isa = PBXBuildFile; fileRef = D3A83DBA0205F49CEB25A3D0 /* ExportView.swift */; };
		E33DA4C65F496E578BF99790 /* RootTabView.swift in Sources */ = {isa = PBXBuildFile; fileRef = 539BD845826B0728CF249497 /* RootTabView.swift */; };
		E5BFFA6A26BDFC90D66E54E7 /* SettingsView.swift in Sources */ = {isa = PBXBuildFile; fileRef = 7986CEF7A493F1E1C1884A38 /* SettingsView.swift */; };
		EA9C310E615E840B2CECA030 /* TaskChecklistView.swift in Sources */ = {isa = PBXBuildFile; fileRef = 4C822B525B910885B89E834A /* TaskChecklistView.swift */; };
		F8C7D817E5D65FD19133481C /* MediaLibraryView.swift in Sources */ = {isa = PBXBuildFile; fileRef = F388C01B03452A370B15BD9C /* MediaLibraryView.swift */; };
/* End PBXBuildFile section */

/* Begin PBXFileReference section */
		063BB749F1ECC225B7C11C6D /* Tour.swift */ = {isa = PBXFileReference; lastKnownFileType = sourcecode.swift; path = Tour.swift; sourceTree = "<group>"; };
		0E46DCB91AB59CE3BF92B89E /* CalendarMonthView.swift */ = {isa = PBXFileReference; lastKnownFileType = sourcecode.swift; path = CalendarMonthView.swift; sourceTree = "<group>"; };
		16F83410C023765039DE59A7 /* Project.swift */ = {isa = PBXFileReference; lastKnownFileType = sourcecode.swift; path = Project.swift; sourceTree = "<group>"; };
		1C04CD7CFCA27967548A93A6 /* DocumentsView.swift */ = {isa = PBXFileReference; lastKnownFileType = sourcecode.swift; path = DocumentsView.swift; sourceTree = "<group>"; };
		1CE3E35DA2469AEE9175E532 /* ContentDetailView.swift */ = {isa = PBXFileReference; lastKnownFileType = sourcecode.swift; path = ContentDetailView.swift; sourceTree = "<group>"; };
		2201AA81E273D175CD1BD0D8 /* Concert.swift */ = {isa = PBXFileReference; lastKnownFileType = sourcecode.swift; path = Concert.swift; sourceTree = "<group>"; };
		23453D1DEF19E309B34970BD /* AssetListView.swift */ = {isa = PBXFileReference; lastKnownFileType = sourcecode.swift; path = AssetListView.swift; sourceTree = "<group>"; };
		23BA3CE731C0A29AD23AD91B /* ChoirRosterView.swift */ = {isa = PBXFileReference; lastKnownFileType = sourcecode.swift; path = ChoirRosterView.swift; sourceTree = "<group>"; };
		25907171733105A999398F93 /* CommentThreadView.swift */ = {isa = PBXFileReference; lastKnownFileType = sourcecode.swift; path = CommentThreadView.swift; sourceTree = "<group>"; };
		25B43C8011020AA5EF3563CA /* ContentLibraryView.swift */ = {isa = PBXFileReference; lastKnownFileType = sourcecode.swift; path = ContentLibraryView.swift; sourceTree = "<group>"; };
		264618423337BF0C0BECC6D5 /* TourDetailView.swift */ = {isa = PBXFileReference; lastKnownFileType = sourcecode.swift; path = TourDetailView.swift; sourceTree = "<group>"; };
		2682275CC5E4051500E50D71 /* ContentEditorView.swift */ = {isa = PBXFileReference; lastKnownFileType = sourcecode.swift; path = ContentEditorView.swift; sourceTree = "<group>"; };
		2C276E481A1C1E1836B1343C /* CalendarContainerView.swift */ = {isa = PBXFileReference; lastKnownFileType = sourcecode.swift; path = CalendarContainerView.swift; sourceTree = "<group>"; };
		2C926DE7189CBDCDE37239F6 /* Asset.swift */ = {isa = PBXFileReference; lastKnownFileType = sourcecode.swift; path = Asset.swift; sourceTree = "<group>"; };
		35085E4AEA540D4155241028 /* ProjectDetailView.swift */ = {isa = PBXFileReference; lastKnownFileType = sourcecode.swift; path = ProjectDetailView.swift; sourceTree = "<group>"; };
		35C8EC82776E93C7AC0D5C44 /* HomeView.swift */ = {isa = PBXFileReference; lastKnownFileType = sourcecode.swift; path = HomeView.swift; sourceTree = "<group>"; };
		37ED15FFDCE99C858BD6E52D /* LibraryItem.swift */ = {isa = PBXFileReference; lastKnownFileType = sourcecode.swift; path = LibraryItem.swift; sourceTree = "<group>"; };
		4C822B525B910885B89E834A /* TaskChecklistView.swift */ = {isa = PBXFileReference; lastKnownFileType = sourcecode.swift; path = TaskChecklistView.swift; sourceTree = "<group>"; };
		51BDA2D451CAB34F70E2A52E /* ContentItem.swift */ = {isa = PBXFileReference; lastKnownFileType = sourcecode.swift; path = ContentItem.swift; sourceTree = "<group>"; };
		539BD845826B0728CF249497 /* RootTabView.swift */ = {isa = PBXFileReference; lastKnownFileType = sourcecode.swift; path = RootTabView.swift; sourceTree = "<group>"; };
		57B1D12B5FA012BB7D8C2A05 /* Singer.swift */ = {isa = PBXFileReference; lastKnownFileType = sourcecode.swift; path = Singer.swift; sourceTree = "<group>"; };
		57BC79AC6E6D9DAE067BAEE3 /* ConcertListView.swift */ = {isa = PBXFileReference; lastKnownFileType = sourcecode.swift; path = ConcertListView.swift; sourceTree = "<group>"; };
		5B944EAB8FCAF3B215F7978F /* SocialMediaTKC.app */ = {isa = PBXFileReference; includeInIndex = 0; lastKnownFileType = wrapper.application; path = SocialMediaTKC.app; sourceTree = BUILT_PRODUCTS_DIR; };
		60A596A463AF913724872EC8 /* IdeasView.swift */ = {isa = PBXFileReference; lastKnownFileType = sourcecode.swift; path = IdeasView.swift; sourceTree = "<group>"; };
		61617BE7AF2716262B9FE9C1 /* Document.swift */ = {isa = PBXFileReference; lastKnownFileType = sourcecode.swift; path = Document.swift; sourceTree = "<group>"; };
		6C33F7525D86FCAAA2D1028B /* TourDayDetailView.swift */ = {isa = PBXFileReference; lastKnownFileType = sourcecode.swift; path = TourDayDetailView.swift; sourceTree = "<group>"; };
		6DD2867E8E50F7470D98AAF1 /* AppRole.swift */ = {isa = PBXFileReference; lastKnownFileType = sourcecode.swift; path = AppRole.swift; sourceTree = "<group>"; };
		747417382DCFAAE9C4C63126 /* ChorAssistantView.swift */ = {isa = PBXFileReference; lastKnownFileType = sourcecode.swift; path = ChorAssistantView.swift; sourceTree = "<group>"; };
		758B1885B88C84314C18CAE4 /* SingerDetailView.swift */ = {isa = PBXFileReference; lastKnownFileType = sourcecode.swift; path = SingerDetailView.swift; sourceTree = "<group>"; };
		7986CEF7A493F1E1C1884A38 /* SettingsView.swift */ = {isa = PBXFileReference; lastKnownFileType = sourcecode.swift; path = SettingsView.swift; sourceTree = "<group>"; };
		7CC6E34C69DF461B68993761 /* ProjectCastView.swift */ = {isa = PBXFileReference; lastKnownFileType = sourcecode.swift; path = ProjectCastView.swift; sourceTree = "<group>"; };
		88B1CFDD5ED0EE600670E73F /* Comment.swift */ = {isa = PBXFileReference; lastKnownFileType = sourcecode.swift; path = Comment.swift; sourceTree = "<group>"; };
		8E6E44CB7CD229515EFA1F30 /* GeminiAssistantService.swift */ = {isa = PBXFileReference; lastKnownFileType = sourcecode.swift; path = GeminiAssistantService.swift; sourceTree = "<group>"; };
		91E503C7E341717EAAB24ADF /* ProjectListView.swift */ = {isa = PBXFileReference; lastKnownFileType = sourcecode.swift; path = ProjectListView.swift; sourceTree = "<group>"; };
		98FC8514B3BB2FCE0D2CEB5E /* PerformanceMetricsView.swift */ = {isa = PBXFileReference; lastKnownFileType = sourcecode.swift; path = PerformanceMetricsView.swift; sourceTree = "<group>"; };
		9D78D2DA058A6768EA5E2A72 /* ArchiveView.swift */ = {isa = PBXFileReference; lastKnownFileType = sourcecode.swift; path = ArchiveView.swift; sourceTree = "<group>"; };
		A1C6014460B99E36724A271B /* Enums.swift */ = {isa = PBXFileReference; lastKnownFileType = sourcecode.swift; path = Enums.swift; sourceTree = "<group>"; };
		A9022E2E7E0D58D5E49688FD /* ContentTemplate.swift */ = {isa = PBXFileReference; lastKnownFileType = sourcecode.swift; path = ContentTemplate.swift; sourceTree = "<group>"; };
		B4E1AECD1853505205B165E0 /* MoreView.swift */ = {isa = PBXFileReference; lastKnownFileType = sourcecode.swift; path = MoreView.swift; sourceTree = "<group>"; };
		B55B313016931047B6A60DE8 /* TicketCorrelationView.swift */ = {isa = PBXFileReference; lastKnownFileType = sourcecode.swift; path = TicketCorrelationView.swift; sourceTree = "<group>"; };
		C025385318F163A36A73233B /* CalendarWeekView.swift */ = {isa = PBXFileReference; lastKnownFileType = sourcecode.swift; path = CalendarWeekView.swift; sourceTree = "<group>"; };
		C6B8E5E5BE9BFFADC039A105 /* SocialMediaTKCApp.swift */ = {isa = PBXFileReference; lastKnownFileType = sourcecode.swift; path = SocialMediaTKCApp.swift; sourceTree = "<group>"; };
		CB6ED58F0BE9C562163C4B65 /* ExportService.swift */ = {isa = PBXFileReference; lastKnownFileType = sourcecode.swift; path = ExportService.swift; sourceTree = "<group>"; };
		D30C8D4304434FB250595FF6 /* ConcertSyncService.swift */ = {isa = PBXFileReference; lastKnownFileType = sourcecode.swift; path = ConcertSyncService.swift; sourceTree = "<group>"; };
		D3552E009B92D368E66A81FC /* ContentScheduler.swift */ = {isa = PBXFileReference; lastKnownFileType = sourcecode.swift; path = ContentScheduler.swift; sourceTree = "<group>"; };
		D362F9015FFAB5E8995A8128 /* AnalyticsView.swift */ = {isa = PBXFileReference; lastKnownFileType = sourcecode.swift; path = AnalyticsView.swift; sourceTree = "<group>"; };
		D3A83DBA0205F49CEB25A3D0 /* ExportView.swift */ = {isa = PBXFileReference; lastKnownFileType = sourcecode.swift; path = ExportView.swift; sourceTree = "<group>"; };
		D465BD471664205667B7E8EC /* ConcertDetailView.swift */ = {isa = PBXFileReference; lastKnownFileType = sourcecode.swift; path = ConcertDetailView.swift; sourceTree = "<group>"; };
		E1B60AE2E1ACAE76ACC3A663 /* Info.plist */ = {isa = PBXFileReference; lastKnownFileType = text.plist; path = Info.plist; sourceTree = "<group>"; };
		E3A82AC77D326ACF2F3D256C /* SupabaseSyncService.swift */ = {isa = PBXFileReference; lastKnownFileType = sourcecode.swift; path = SupabaseSyncService.swift; sourceTree = "<group>"; };
		EF20A27DBAEB041BDA4A46C9 /* ContentBoardView.swift */ = {isa = PBXFileReference; lastKnownFileType = sourcecode.swift; path = ContentBoardView.swift; sourceTree = "<group>"; };
		F02CD86943F301B4F6B6B0B8 /* LiveTourDayView.swift */ = {isa = PBXFileReference; lastKnownFileType = sourcecode.swift; path = LiveTourDayView.swift; sourceTree = "<group>"; };
		F388C01B03452A370B15BD9C /* MediaLibraryView.swift */ = {isa = PBXFileReference; lastKnownFileType = sourcecode.swift; path = MediaLibraryView.swift; sourceTree = "<group>"; };
		F897DE0967356F135808453F /* ContentTask.swift */ = {isa = PBXFileReference; lastKnownFileType = sourcecode.swift; path = ContentTask.swift; sourceTree = "<group>"; };
		FF089D3A04D5DDAF29C1967E /* Assets.xcassets */ = {isa = PBXFileReference; lastKnownFileType = folder.assetcatalog; path = Assets.xcassets; sourceTree = "<group>"; };
/* End PBXFileReference section */

/* Begin PBXGroup section */
		009BFD3F0E3EA60A6A27E1F5 /* Resources */ = {
			isa = PBXGroup;
			children = (
				FF089D3A04D5DDAF29C1967E /* Assets.xcassets */,
			);
			path = Resources;
			sourceTree = "<group>";
		};
		032B0B064BE5C650D24171E0 /* Services */ = {
			isa = PBXGroup;
			children = (
				D30C8D4304434FB250595FF6 /* ConcertSyncService.swift */,
				D3552E009B92D368E66A81FC /* ContentScheduler.swift */,
				CB6ED58F0BE9C562163C4B65 /* ExportService.swift */,
				8E6E44CB7CD229515EFA1F30 /* GeminiAssistantService.swift */,
				E3A82AC77D326ACF2F3D256C /* SupabaseSyncService.swift */,
			);
			path = Services;
			sourceTree = "<group>";
		};
		197AD98D63A33979B381A8BA /* Assistant */ = {
			isa = PBXGroup;
			children = (
				747417382DCFAAE9C4C63126 /* ChorAssistantView.swift */,
			);
			path = Assistant;
			sourceTree = "<group>";
		};
		1E1B7757B3484A409E2F1036 /* Home */ = {
			isa = PBXGroup;
			children = (
				35C8EC82776E93C7AC0D5C44 /* HomeView.swift */,
			);
			path = Home;
			sourceTree = "<group>";
		};
		3278567EDBE27F5FCB5044EE /* Products */ = {
			isa = PBXGroup;
			children = (
				5B944EAB8FCAF3B215F7978F /* SocialMediaTKC.app */,
			);
			name = Products;
			sourceTree = "<group>";
		};
		38148F9B5FB499AE87A94D2C /* Board */ = {
			isa = PBXGroup;
			children = (
				EF20A27DBAEB041BDA4A46C9 /* ContentBoardView.swift */,
			);
			path = Board;
			sourceTree = "<group>";
		};
		3D42058D144C34C73C37B92C = {
			isa = PBXGroup;
			children = (
				6C10480AA06835375B11EA65 /* SocialMediaTKC */,
				3278567EDBE27F5FCB5044EE /* Products */,
			);
			sourceTree = "<group>";
		};
		46056935B0E3E062FC021E0E /* More */ = {
			isa = PBXGroup;
			children = (
				9D78D2DA058A6768EA5E2A72 /* ArchiveView.swift */,
				25B43C8011020AA5EF3563CA /* ContentLibraryView.swift */,
				D3A83DBA0205F49CEB25A3D0 /* ExportView.swift */,
				60A596A463AF913724872EC8 /* IdeasView.swift */,
				B4E1AECD1853505205B165E0 /* MoreView.swift */,
				7986CEF7A493F1E1C1884A38 /* SettingsView.swift */,
				B55B313016931047B6A60DE8 /* TicketCorrelationView.swift */,
			);
			path = More;
			sourceTree = "<group>";
		};
		4AECEC18E120343930F2FEF4 /* ContentDetail */ = {
			isa = PBXGroup;
			children = (
				23453D1DEF19E309B34970BD /* AssetListView.swift */,
				25907171733105A999398F93 /* CommentThreadView.swift */,
				1CE3E35DA2469AEE9175E532 /* ContentDetailView.swift */,
				2682275CC5E4051500E50D71 /* ContentEditorView.swift */,
				98FC8514B3BB2FCE0D2CEB5E /* PerformanceMetricsView.swift */,
				4C822B525B910885B89E834A /* TaskChecklistView.swift */,
			);
			path = ContentDetail;
			sourceTree = "<group>";
		};
		5A79BE2E928F025AE4FBEF22 /* Media */ = {
			isa = PBXGroup;
			children = (
				F388C01B03452A370B15BD9C /* MediaLibraryView.swift */,
			);
			path = Media;
			sourceTree = "<group>";
		};
		6C10480AA06835375B11EA65 /* SocialMediaTKC */ = {
			isa = PBXGroup;
			children = (
				E1B60AE2E1ACAE76ACC3A663 /* Info.plist */,
				C6B8E5E5BE9BFFADC039A105 /* SocialMediaTKCApp.swift */,
				F18AD5B98EEE18C2F0FA2AE4 /* Models */,
				009BFD3F0E3EA60A6A27E1F5 /* Resources */,
				032B0B064BE5C650D24171E0 /* Services */,
				BA59024643BAE8C0ADE0E855 /* Views */,
			);
			path = SocialMediaTKC;
			sourceTree = "<group>";
		};
		6CB8A256D4DA71DFF5816976 /* Calendar */ = {
			isa = PBXGroup;
			children = (
				2C276E481A1C1E1836B1343C /* CalendarContainerView.swift */,
				0E46DCB91AB59CE3BF92B89E /* CalendarMonthView.swift */,
				C025385318F163A36A73233B /* CalendarWeekView.swift */,
			);
			path = Calendar;
			sourceTree = "<group>";
		};
		7A6BC80296E198FBBD891A8E /* Documents */ = {
			isa = PBXGroup;
			children = (
				1C04CD7CFCA27967548A93A6 /* DocumentsView.swift */,
			);
			path = Documents;
			sourceTree = "<group>";
		};
		B68215E35BEC1E4C89ACBC6F /* Shared */ = {
			isa = PBXGroup;
			children = (
				539BD845826B0728CF249497 /* RootTabView.swift */,
			);
			path = Shared;
			sourceTree = "<group>";
		};
		BA59024643BAE8C0ADE0E855 /* Views */ = {
			isa = PBXGroup;
			children = (
				CFB6423D3FBACF828B2CF97D /* Analytics */,
				197AD98D63A33979B381A8BA /* Assistant */,
				38148F9B5FB499AE87A94D2C /* Board */,
				6CB8A256D4DA71DFF5816976 /* Calendar */,
				E7E78D223D879366A0480E5A /* Choir */,
				E49ADEC259609DC4AD58FEBA /* Concerts */,
				4AECEC18E120343930F2FEF4 /* ContentDetail */,
				7A6BC80296E198FBBD891A8E /* Documents */,
				1E1B7757B3484A409E2F1036 /* Home */,
				5A79BE2E928F025AE4FBEF22 /* Media */,
				46056935B0E3E062FC021E0E /* More */,
				F8129A830EA92E3F2FEE4155 /* Projects */,
				B68215E35BEC1E4C89ACBC6F /* Shared */,
			);
			path = Views;
			sourceTree = "<group>";
		};
		CFB6423D3FBACF828B2CF97D /* Analytics */ = {
			isa = PBXGroup;
			children = (
				D362F9015FFAB5E8995A8128 /* AnalyticsView.swift */,
			);
			path = Analytics;
			sourceTree = "<group>";
		};
		E49ADEC259609DC4AD58FEBA /* Concerts */ = {
			isa = PBXGroup;
			children = (
				D465BD471664205667B7E8EC /* ConcertDetailView.swift */,
				57BC79AC6E6D9DAE067BAEE3 /* ConcertListView.swift */,
			);
			path = Concerts;
			sourceTree = "<group>";
		};
		E7E78D223D879366A0480E5A /* Choir */ = {
			isa = PBXGroup;
			children = (
				23BA3CE731C0A29AD23AD91B /* ChoirRosterView.swift */,
				758B1885B88C84314C18CAE4 /* SingerDetailView.swift */,
			);
			path = Choir;
			sourceTree = "<group>";
		};
		F18AD5B98EEE18C2F0FA2AE4 /* Models */ = {
			isa = PBXGroup;
			children = (
				6DD2867E8E50F7470D98AAF1 /* AppRole.swift */,
				2C926DE7189CBDCDE37239F6 /* Asset.swift */,
				88B1CFDD5ED0EE600670E73F /* Comment.swift */,
				2201AA81E273D175CD1BD0D8 /* Concert.swift */,
				51BDA2D451CAB34F70E2A52E /* ContentItem.swift */,
				F897DE0967356F135808453F /* ContentTask.swift */,
				A9022E2E7E0D58D5E49688FD /* ContentTemplate.swift */,
				61617BE7AF2716262B9FE9C1 /* Document.swift */,
				A1C6014460B99E36724A271B /* Enums.swift */,
				37ED15FFDCE99C858BD6E52D /* LibraryItem.swift */,
				16F83410C023765039DE59A7 /* Project.swift */,
				57B1D12B5FA012BB7D8C2A05 /* Singer.swift */,
				063BB749F1ECC225B7C11C6D /* Tour.swift */,
			);
			path = Models;
			sourceTree = "<group>";
		};
		F8129A830EA92E3F2FEE4155 /* Projects */ = {
			isa = PBXGroup;
			children = (
				F02CD86943F301B4F6B6B0B8 /* LiveTourDayView.swift */,
				7CC6E34C69DF461B68993761 /* ProjectCastView.swift */,
				35085E4AEA540D4155241028 /* ProjectDetailView.swift */,
				91E503C7E341717EAAB24ADF /* ProjectListView.swift */,
				6C33F7525D86FCAAA2D1028B /* TourDayDetailView.swift */,
				264618423337BF0C0BECC6D5 /* TourDetailView.swift */,
			);
			path = Projects;
			sourceTree = "<group>";
		};
/* End PBXGroup section */

/* Begin PBXNativeTarget section */
		A4CB94E707FADDF4EF8D1DE0 /* SocialMediaTKC */ = {
			isa = PBXNativeTarget;
			buildConfigurationList = 5255F3767B56ED70F6101A1D /* Build configuration list for PBXNativeTarget "SocialMediaTKC" */;
			buildPhases = (
				A198DF675A6601F074119A67 /* Sources */,
				D5DF2E485FE9F9B21E4A4D15 /* Resources */,
			);
			buildRules = (
			);
			dependencies = (
			);
			name = SocialMediaTKC;
			packageProductDependencies = (
			);
			productName = SocialMediaTKC;
			productReference = 5B944EAB8FCAF3B215F7978F /* SocialMediaTKC.app */;
			productType = "com.apple.product-type.application";
		};
/* End PBXNativeTarget section */

/* Begin PBXProject section */
		A3572B2FD803BD74A20E397E /* Project object */ = {
			isa = PBXProject;
			attributes = {
				BuildIndependentTargetsInParallel = YES;
				LastUpgradeCheck = 1430;
				TargetAttributes = {
					A4CB94E707FADDF4EF8D1DE0 = {
						DevelopmentTeam = "";
						ProvisioningStyle = Automatic;
					};
				};
			};
			buildConfigurationList = 247FA8AC660DB30F438C9EA7 /* Build configuration list for PBXProject "SocialMediaTKC" */;
			developmentRegion = en;
			hasScannedForEncodings = 0;
			knownRegions = (
				Base,
				en,
			);
			mainGroup = 3D42058D144C34C73C37B92C;
			minimizedProjectReferenceProxies = 1;
			preferredProjectObjectVersion = 77;
			productRefGroup = 3278567EDBE27F5FCB5044EE /* Products */;
			projectDirPath = "";
			projectRoot = "";
			targets = (
				A4CB94E707FADDF4EF8D1DE0 /* SocialMediaTKC */,
			);
		};
/* End PBXProject section */

/* Begin PBXResourcesBuildPhase section */
		D5DF2E485FE9F9B21E4A4D15 /* Resources */ = {
			isa = PBXResourcesBuildPhase;
			buildActionMask = 2147483647;
			files = (
				99B360A15FEE479A84CC7826 /* Assets.xcassets in Resources */,
			);
			runOnlyForDeploymentPostprocessing = 0;
		};
/* End PBXResourcesBuildPhase section */

/* Begin PBXSourcesBuildPhase section */
		A198DF675A6601F074119A67 /* Sources */ = {
			isa = PBXSourcesBuildPhase;
			buildActionMask = 2147483647;
			files = (
				092C820319A1B25B978A8522 /* AnalyticsView.swift in Sources */,
				6CA82D03BA19377AF87C2B60 /* AppRole.swift in Sources */,
				0D9412952E96CC0625531A19 /* ArchiveView.swift in Sources */,
				18C5D4C33B091EC8D4036AF9 /* Asset.swift in Sources */,
				D1CB12687AC779C662788970 /* AssetListView.swift in Sources */,
				07D564150F4FEC9E1A89D169 /* CalendarContainerView.swift in Sources */,
				D4B8F8CC11FECB17D7686086 /* CalendarMonthView.swift in Sources */,
				273BB9EE74AC947A39F69C8E /* CalendarWeekView.swift in Sources */,
				1C98E93F2C041828F04B7121 /* ChoirRosterView.swift in Sources */,
				A950C82FBFC031675A2F10DB /* ChorAssistantView.swift in Sources */,
				608DCB32EB8800590F012E38 /* Comment.swift in Sources */,
				6DA74B532B15FE0F1B3F2CFD /* CommentThreadView.swift in Sources */,
				8AFB720E898958066BF927E6 /* Concert.swift in Sources */,
				D3B0E3A126FBB80FB2D53D0E /* ConcertDetailView.swift in Sources */,
				934793A4CADEAD475FE6A0B3 /* ConcertListView.swift in Sources */,
				D85343877541174A2C585EAF /* ConcertSyncService.swift in Sources */,
				750ABF05B50AD933E876394D /* ContentBoardView.swift in Sources */,
				496F720FA060DF89B73925EC /* ContentDetailView.swift in Sources */,
				6D35795740938CDF75F12F5D /* ContentEditorView.swift in Sources */,
				0BA7F6046109D5986D6C90A4 /* ContentItem.swift in Sources */,
				A2BB0328FD5C3EC3585D0442 /* ContentLibraryView.swift in Sources */,
				810130BBE620C7C26AF5522F /* ContentScheduler.swift in Sources */,
				AA81569FE785E5B4EFA7BD4B /* ContentTask.swift in Sources */,
				21CE540BF48373D750BF127A /* ContentTemplate.swift in Sources */,
				0FE6799FFCF4589857048E97 /* Document.swift in Sources */,
				3148584CAEEE5B091B75A2E8 /* DocumentsView.swift in Sources */,
				B1858C41010956258C6C143E /* Enums.swift in Sources */,
				CD8C5034675251AF4BBFCA96 /* ExportService.swift in Sources */,
				E2AA2244B5CF94DB72A711F6 /* ExportView.swift in Sources */,
				81A0D4E856C4746D8A28EA08 /* GeminiAssistantService.swift in Sources */,
				A9C36D1CEDD71E64E33CE38D /* HomeView.swift in Sources */,
				393FF26F6771EFDC52A48F9E /* IdeasView.swift in Sources */,
				23AAE45E640CE8611AAF2974 /* LibraryItem.swift in Sources */,
				86420B88748B5143FBAAF178 /* LiveTourDayView.swift in Sources */,
				F8C7D817E5D65FD19133481C /* MediaLibraryView.swift in Sources */,
				BA728C7EE9FF163777F7AA7C /* MoreView.swift in Sources */,
				E239BFCAE1FB2A09CDF83252 /* PerformanceMetricsView.swift in Sources */,
				6D14EFC888049B24450627A3 /* Project.swift in Sources */,
				4E03693DF5855E658898AAE4 /* ProjectCastView.swift in Sources */,
				9F2319D4F9E1A462BFBA9589 /* ProjectDetailView.swift in Sources */,
				A68CA4A01BF8B8BFEED20D35 /* ProjectListView.swift in Sources */,
				E33DA4C65F496E578BF99790 /* RootTabView.swift in Sources */,
				E5BFFA6A26BDFC90D66E54E7 /* SettingsView.swift in Sources */,
				2EC3D789DDEF31DCAD6514BF /* Singer.swift in Sources */,
				A263CBA06301ABEB020C1122 /* SingerDetailView.swift in Sources */,
				65C81EAA034E6FB2D34945B9 /* SocialMediaTKCApp.swift in Sources */,
				C9886B5C85AE0EF312174EDD /* SupabaseSyncService.swift in Sources */,
				EA9C310E615E840B2CECA030 /* TaskChecklistView.swift in Sources */,
				3E2A738CE1BF012A73E844DB /* TicketCorrelationView.swift in Sources */,
				9D752A28A036B253BA78CD96 /* Tour.swift in Sources */,
				465ED643FEF29A143A0D82F3 /* TourDayDetailView.swift in Sources */,
				ADEFF3CC6496890CC0B0C455 /* TourDetailView.swift in Sources */,
			);
			runOnlyForDeploymentPostprocessing = 0;
		};
/* End PBXSourcesBuildPhase section */

/* Begin XCBuildConfiguration section */
		49F75050FD4C2E9ADDB6D7C5 /* Release */ = {
			isa = XCBuildConfiguration;
			buildSettings = {
				ASSETCATALOG_COMPILER_APPICON_NAME = AppIcon;
				CODE_SIGN_IDENTITY = "iPhone Developer";
				CODE_SIGN_STYLE = Automatic;
				DEVELOPMENT_TEAM = "";
				INFOPLIST_FILE = SocialMediaTKC/Info.plist;
				LD_RUNPATH_SEARCH_PATHS = (
					"$(inherited)",
					"@executable_path/Frameworks",
				);
				PRODUCT_BUNDLE_IDENTIFIER = de.toelzerknabenchor.contenthub;
				SDKROOT = iphoneos;
				SWIFT_VERSION = 5.0;
				TARGETED_DEVICE_FAMILY = 1;
			};
			name = Release;
		};
		BE7674A7B9AB7243BE4125F9 /* Debug */ = {
			isa = XCBuildConfiguration;
			buildSettings = {
				ALWAYS_SEARCH_USER_PATHS = NO;
				CLANG_ANALYZER_NONNULL = YES;
				CLANG_ANALYZER_NUMBER_OBJECT_CONVERSION = YES_AGGRESSIVE;
				CLANG_CXX_LANGUAGE_STANDARD = "gnu++14";
				CLANG_CXX_LIBRARY = "libc++";
				CLANG_ENABLE_MODULES = YES;
				CLANG_ENABLE_OBJC_ARC = YES;
				CLANG_ENABLE_OBJC_WEAK = YES;
				CLANG_WARN_BLOCK_CAPTURE_AUTORELEASING = YES;
				CLANG_WARN_BOOL_CONVERSION = YES;
				CLANG_WARN_COMMA = YES;
				CLANG_WARN_CONSTANT_CONVERSION = YES;
				CLANG_WARN_DEPRECATED_OBJC_IMPLEMENTATIONS = YES;
				CLANG_WARN_DIRECT_OBJC_ISA_USAGE = YES_ERROR;
				CLANG_WARN_DOCUMENTATION_COMMENTS = YES;
				CLANG_WARN_EMPTY_BODY = YES;
				CLANG_WARN_ENUM_CONVERSION = YES;
				CLANG_WARN_INFINITE_RECURSION = YES;
				CLANG_WARN_INT_CONVERSION = YES;
				CLANG_WARN_NON_LITERAL_NULL_CONVERSION = YES;
				CLANG_WARN_OBJC_IMPLICIT_RETAIN_SELF = YES;
				CLANG_WARN_OBJC_LITERAL_CONVERSION = YES;
				CLANG_WARN_OBJC_ROOT_CLASS = YES_ERROR;
				CLANG_WARN_QUOTED_INCLUDE_IN_FRAMEWORK_HEADER = YES;
				CLANG_WARN_RANGE_LOOP_ANALYSIS = YES;
				CLANG_WARN_STRICT_PROTOTYPES = YES;
				CLANG_WARN_SUSPICIOUS_MOVE = YES;
				CLANG_WARN_UNGUARDED_AVAILABILITY = YES_AGGRESSIVE;
				CLANG_WARN_UNREACHABLE_CODE = YES;
				CLANG_WARN__DUPLICATE_METHOD_MATCH = YES;
				COPY_PHASE_STRIP = NO;
				DEBUG_INFORMATION_FORMAT = dwarf;
				ENABLE_STRICT_OBJC_MSGSEND = YES;
				ENABLE_TESTABILITY = YES;
				GCC_C_LANGUAGE_STANDARD = gnu11;
				GCC_DYNAMIC_NO_PIC = NO;
				GCC_NO_COMMON_BLOCKS = YES;
				GCC_OPTIMIZATION_LEVEL = 0;
				GCC_PREPROCESSOR_DEFINITIONS = (
					"$(inherited)",
					"DEBUG=1",
				);
				GCC_WARN_64_TO_32_BIT_CONVERSION = YES;
				GCC_WARN_ABOUT_RETURN_TYPE = YES_ERROR;
				GCC_WARN_UNDECLARED_SELECTOR = YES;
				GCC_WARN_UNINITIALIZED_AUTOS = YES_AGGRESSIVE;
				GCC_WARN_UNUSED_FUNCTION = YES;
				GCC_WARN_UNUSED_VARIABLE = YES;
				IPHONEOS_DEPLOYMENT_TARGET = 17.0;
				MTL_ENABLE_DEBUG_INFO = INCLUDE_SOURCE;
				MTL_FAST_MATH = YES;
				ONLY_ACTIVE_ARCH = YES;
				PRODUCT_NAME = "$(TARGET_NAME)";
				SDKROOT = iphoneos;
				SWIFT_ACTIVE_COMPILATION_CONDITIONS = DEBUG;
				SWIFT_OPTIMIZATION_LEVEL = "-Onone";
				SWIFT_VERSION = 5.0;
			};
			name = Debug;
		};
		EB4157B880E21A42AFC9921F /* Release */ = {
			isa = XCBuildConfiguration;
			buildSettings = {
				ALWAYS_SEARCH_USER_PATHS = NO;
				CLANG_ANALYZER_NONNULL = YES;
				CLANG_ANALYZER_NUMBER_OBJECT_CONVERSION = YES_AGGRESSIVE;
				CLANG_CXX_LANGUAGE_STANDARD = "gnu++14";
				CLANG_CXX_LIBRARY = "libc++";
				CLANG_ENABLE_MODULES = YES;
				CLANG_ENABLE_OBJC_ARC = YES;
				CLANG_ENABLE_OBJC_WEAK = YES;
				CLANG_WARN_BLOCK_CAPTURE_AUTORELEASING = YES;
				CLANG_WARN_BOOL_CONVERSION = YES;
				CLANG_WARN_COMMA = YES;
				CLANG_WARN_CONSTANT_CONVERSION = YES;
				CLANG_WARN_DEPRECATED_OBJC_IMPLEMENTATIONS = YES;
				CLANG_WARN_DIRECT_OBJC_ISA_USAGE = YES_ERROR;
				CLANG_WARN_DOCUMENTATION_COMMENTS = YES;
				CLANG_WARN_EMPTY_BODY = YES;
				CLANG_WARN_ENUM_CONVERSION = YES;
				CLANG_WARN_INFINITE_RECURSION = YES;
				CLANG_WARN_INT_CONVERSION = YES;
				CLANG_WARN_NON_LITERAL_NULL_CONVERSION = YES;
				CLANG_WARN_OBJC_IMPLICIT_RETAIN_SELF = YES;
				CLANG_WARN_OBJC_LITERAL_CONVERSION = YES;
				CLANG_WARN_OBJC_ROOT_CLASS = YES_ERROR;
				CLANG_WARN_QUOTED_INCLUDE_IN_FRAMEWORK_HEADER = YES;
				CLANG_WARN_RANGE_LOOP_ANALYSIS = YES;
				CLANG_WARN_STRICT_PROTOTYPES = YES;
				CLANG_WARN_SUSPICIOUS_MOVE = YES;
				CLANG_WARN_UNGUARDED_AVAILABILITY = YES_AGGRESSIVE;
				CLANG_WARN_UNREACHABLE_CODE = YES;
				CLANG_WARN__DUPLICATE_METHOD_MATCH = YES;
				COPY_PHASE_STRIP = NO;
				DEBUG_INFORMATION_FORMAT = "dwarf-with-dsym";
				ENABLE_NS_ASSERTIONS = NO;
				ENABLE_STRICT_OBJC_MSGSEND = YES;
				GCC_C_LANGUAGE_STANDARD = gnu11;
				GCC_NO_COMMON_BLOCKS = YES;
				GCC_WARN_64_TO_32_BIT_CONVERSION = YES;
				GCC_WARN_ABOUT_RETURN_TYPE = YES_ERROR;
				GCC_WARN_UNDECLARED_SELECTOR = YES;
				GCC_WARN_UNINITIALIZED_AUTOS = YES_AGGRESSIVE;
				GCC_WARN_UNUSED_FUNCTION = YES;
				GCC_WARN_UNUSED_VARIABLE = YES;
				IPHONEOS_DEPLOYMENT_TARGET = 17.0;
				MTL_ENABLE_DEBUG_INFO = NO;
				MTL_FAST_MATH = YES;
				PRODUCT_NAME = "$(TARGET_NAME)";
				SDKROOT = iphoneos;
				SWIFT_COMPILATION_MODE = wholemodule;
				SWIFT_OPTIMIZATION_LEVEL = "-O";
				SWIFT_VERSION = 5.0;
			};
			name = Release;
		};
		FB3B12174FA0746971BB49AA /* Debug */ = {
			isa = XCBuildConfiguration;
			buildSettings = {
				ASSETCATALOG_COMPILER_APPICON_NAME = AppIcon;
				CODE_SIGN_IDENTITY = "iPhone Developer";
				CODE_SIGN_STYLE = Automatic;
				DEVELOPMENT_TEAM = "";
				INFOPLIST_FILE = SocialMediaTKC/Info.plist;
				LD_RUNPATH_SEARCH_PATHS = (
					"$(inherited)",
					"@executable_path/Frameworks",
				);
				PRODUCT_BUNDLE_IDENTIFIER = de.toelzerknabenchor.contenthub;
				SDKROOT = iphoneos;
				SWIFT_VERSION = 5.0;
				TARGETED_DEVICE_FAMILY = 1;
			};
			name = Debug;
		};
/* End XCBuildConfiguration section */

/* Begin XCConfigurationList section */
		247FA8AC660DB30F438C9EA7 /* Build configuration list for PBXProject "SocialMediaTKC" */ = {
			isa = XCConfigurationList;
			buildConfigurations = (
				BE7674A7B9AB7243BE4125F9 /* Debug */,
				EB4157B880E21A42AFC9921F /* Release */,
			);
			defaultConfigurationIsVisible = 0;
			defaultConfigurationName = Debug;
		};
		5255F3767B56ED70F6101A1D /* Build configuration list for PBXNativeTarget "SocialMediaTKC" */ = {
			isa = XCConfigurationList;
			buildConfigurations = (
				FB3B12174FA0746971BB49AA /* Debug */,
				49F75050FD4C2E9ADDB6D7C5 /* Release */,
			);
			defaultConfigurationIsVisible = 0;
			defaultConfigurationName = Debug;
		};
/* End XCConfigurationList section */
	};
	rootObject = A3572B2FD803BD74A20E397E /* Project object */;
}
